github.com/SAMT-X/samt-bu-drafts v0.0.0-20260303201115-f08774ce1f8c h1:580IEj6lAg0Lu4GgoUa/Vjr3rTSZ+U2iWBVtUWGmcXk=
github.com/SAMT-X/samt-bu-drafts v0.0.0-20260303201115-f08774ce1f8c/go.mod h1:DSWTYGYc0Gdp9/uUD33suYZHwaCzxtWsXX9loG2ohyE=
github.com/SAMT-X/samt-bu-drafts v0.0.0-20260305124447-1b3b16686b14 h1:b5NpMA3C3w3w4pCBcXrbOHAtR/8HpfWiMPYhc9YErLE=
github.com/SAMT-X/samt-bu-drafts v0.0.0-20260305124447-1b3b16686b14/go.mod h1:DSWTYGYc0Gdp9/uUD33suYZHwaCzxtWsXX9loG2ohyE=
github.com/SAMT-X/solution-samt-bu-docs v0.0.0-20260303201130-4e04a11263a6 h1:y3DehP92E+04Kxi6Hx9jdThbE5+FgR2cPIUuso2R2lY=
github.com/SAMT-X/solution-samt-bu-docs v0.0.0-20260303201130-4e04a11263a6/go.mod h1:tfkaCWHf85mWvul6ze9NJlAvxHtE6dQmBOlzoogTUec=
github.com/SAMT-X/solution-samt-bu-docs v0.0.0-20260305140214-c10f22366e17 h1:r4j35A0FzOiBkDjZ04+A0Dw8uJX1EP152RAeDhox8HM=
github.com/SAMT-X/solution-samt-bu-docs v0.0.0-20260305140214-c10f22366e17/go.mod h1:tfkaCWHf85mWvul6ze9NJlAvxHtE6dQmBOlzoogTUec=
github.com/SAMT-X/solution-samt-bu-docs v0.0.0-20260308033401-f7b987445294 h1:wZdQnVu2bYF24mUTkg/dNivb5SB3ooEPhf0al0fTXrI=
github.com/SAMT-X/solution-samt-bu-docs v0.0.0-20260308033401-f7b987445294/go.mod h1:tfkaCWHf85mWvul6ze9NJlAvxHtE6dQmBOlzoogTUec=
github.com/SAMT-X/solution-samt-bu-docs v0.0.0-20260308034524-da535aafbdb7 h1:ILLSj21tb9bol2+azh1eECdf8Z3BbMvhEp7R7iXbWMU=
github.com/SAMT-X/solution-samt-bu-docs v0.0.0-20260308034524-da535aafbdb7/go.mod h1:tfkaCWHf85mWvul6ze9NJlAvxHtE6dQmBOlzoogTUec=
github.com/SAMT-X/solution-samt-bu-docs v0.0.0-20260308040759-1e6b8e4a238a h1:WkOzZAiaPcZTf1RTm9KJ4dIXyo+pQgG9oRWBnd/NJh0=
github.com/SAMT-X/solution-samt-bu-docs v0.0.0-20260308040759-1e6b8e4a238a/go.mod h1:tfkaCWHf85mWvul6ze9NJlAvxHtE6dQmBOlzoogTUec=
github.com/SAMT-X/solution-samt-bu-docs v0.0.0-20260308041443-0e6844fba584 h1:gyphFCjvwNcL3f9J5Coh10WskUd0W+ZPGHgfYp4KA2I=
github.com/SAMT-X/solution-samt-bu-docs v0.0.0-20260308041443-0e6844fba584/go.mod h1:tfkaCWHf85mWvul6ze9NJlAvxHtE6dQmBOlzoogTUec=
github.com/SAMT-X/solution-samt-bu-docs v0.0.0-20260308044803-54d7fec2921a h1:ozABhU5DUQMl2xSByaak/m80bWrnATJ12oNJYD/4sXg=
github.com/SAMT-X/solution-samt-bu-docs v0.0.0-20260308044803-54d7fec2921a/go.mod h1:tfkaCWHf85mWvul6ze9NJlAvxHtE6dQmBOlzoogTUec=
github.com/SAMT-X/team-architecture v0.0.0-20260303201120-eb05ba91b0f6 h1:/RWW6esYoEmmq55IyZmBTgMcAPGSa+nYHB1d6c3D1uY=
github.com/SAMT-X/team-architecture v0.0.0-20260303201120-eb05ba91b0f6/go.mod h1:UMJNBAbXIv7kSfQXQYVxsyRW0rjkbIY4t0A8LSHPh/w=
github.com/SAMT-X/team-architecture v0.0.0-20260304205017-6a3287f0f4e3 h1:HD6EDYBppD6bjcpRLtxFmn8SWnJA3roZ2ydd3tsajiY=
github.com/SAMT-X/team-architecture v0.0.0-20260304205017-6a3287f0f4e3/go.mod h1:UMJNBAbXIv7kSfQXQYVxsyRW0rjkbIY4t0A8LSHPh/w=
github.com/SAMT-X/team-architecture v0.0.0-20260304214412-dbc1238432e4 h1:hMKgfD0OxCAdn/NCnxCSiBB2pUKReHgvJZvypYOttfY=
github.com/SAMT-X/team-architecture v0.0.0-20260304214412-dbc1238432e4/go.mod h1:UMJNBAbXIv7kSfQXQYVxsyRW0rjkbIY4t0A8LSHPh/w=
github.com/SAMT-X/team-semantics v0.0.0-20260303201125-e3c90581dbf4 h1:ef8egTSiXH+eGM+O5Nwy6wiVLXN4tKR6VpXHVfFFSD8=
github.com/SAMT-X/team-semantics v0.0.0-20260303201125-e3c90581dbf4/go.mod h1:+zrKTxt3zFZwqeB1ItyBB7Yw2XcFhL32m4MDqVk5GLw=
