github.com/SAMT-BU/samt-bu-drafts v0.0.0-20260301130130-2dce3803af69 h1:XPiT6Xj9Rku60qWY/PMfY73Gm7ZqpflQPPJQti13tx8=
github.com/SAMT-BU/samt-bu-drafts v0.0.0-20260301130130-2dce3803af69/go.mod h1:HQkt8iekfiHvMRdq0iznUkpeh3S4A185oUvuOwUmpgQ=
github.com/SAMT-BU/samt-bu-drafts v0.0.0-20260301131909-3228fc47cd4c h1:yOsuhJsL2qTzo/GEyVku5YTnHrevrHWr0LW/1f8d2Oc=
github.com/SAMT-BU/samt-bu-drafts v0.0.0-20260301131909-3228fc47cd4c/go.mod h1:HQkt8iekfiHvMRdq0iznUkpeh3S4A185oUvuOwUmpgQ=
github.com/SAMT-BU/samt-bu-innsikt v0.0.0-20260223204941-fe466949ae7c h1:fhuIekmgN2CxMixLbIXP+sxHGRCBAhj2rbJNJxqxaWk=
github.com/SAMT-BU/samt-bu-innsikt v0.0.0-20260223204941-fe466949ae7c/go.mod h1:LgS3Mc2T3bgADm07r6ZHj/RGqkWBWfDuN60lKvUTM8k=
github.com/SAMT-BU/samt-bu-innspill v0.0.0-20260223200440-3014e73b3b0a h1:E4rTHaNC0FHTjDuSN0Cp8Iqo3H+qpZA9OBE5LpMKSf0=
github.com/SAMT-BU/samt-bu-innspill v0.0.0-20260223200440-3014e73b3b0a/go.mod h1:in5RxF3kcwNbbgpij0Fz8fTmkc5+Yjc4RG5zEMCUOJA=
github.com/SAMT-BU/samt-bu-org-andre v0.0.0-20260225002130-6ec6dfda4225 h1:m9e+SvBTnWy7EUllVJnJsL7F586wFfCBUH94R0WVa50=
github.com/SAMT-BU/samt-bu-org-andre v0.0.0-20260225002130-6ec6dfda4225/go.mod h1:LmTo7QONLgXgX8p7VsenzJvYPnxymrQPcvINJQILBaA=
github.com/SAMT-BU/samt-bu-org-digdir v0.0.0-20260223231329-e7ab1f561ac5 h1:E3f8CLl1djTfyHaH4sygwyPjv5EK4TMzi3BsREpOZeY=
github.com/SAMT-BU/samt-bu-org-digdir v0.0.0-20260223231329-e7ab1f561ac5/go.mod h1:khPQew1OXbsxFXxo9jh5FJVUiwWVm89PKAMWHhSVQCQ=
github.com/SAMT-BU/samt-bu-org-hk-dir v0.0.0-20260223231338-2c282035e83d h1:oy9KtQ7IjSn2uWzNQvmMOQMsFc+L8nOQEMvYV3Wh65s=
github.com/SAMT-BU/samt-bu-org-hk-dir v0.0.0-20260223231338-2c282035e83d/go.mod h1:jMGigP8X7Hc+pupeif8Leasoi0MotnxOY9LsZtf0rU0=
github.com/SAMT-BU/samt-bu-org-ks v0.0.0-20260223231332-481b493026a6 h1:vPiE/7Ey2CFu7J0GUMR8scR8Bg0I6OT5mMSQ0aBF3v8=
github.com/SAMT-BU/samt-bu-org-ks v0.0.0-20260223231332-481b493026a6/go.mod h1:WMgWgG/BzNqMaGmPLKN8N7vYUhyIKK+6uXx2qmTzHWA=
github.com/SAMT-BU/samt-bu-org-ks-digital v0.0.0-20260223231335-ffef72100618 h1:xZMAuU6Agc5sgleLKxioJUK67XzULW+a16t2mN6hWAM=
github.com/SAMT-BU/samt-bu-org-ks-digital v0.0.0-20260223231335-ffef72100618/go.mod h1:olM4fE6aaCGRiskYCj+PCMQuAiiCOOyPBpZPjiBgVC8=
github.com/SAMT-BU/samt-bu-org-novari v0.0.0-20260223231352-88680b0110fe h1:5Jh3PZ7x3YnEZ/rLrRL5UA4TmeBm80dN6ftVUbdANsE=
github.com/SAMT-BU/samt-bu-org-novari v0.0.0-20260223231352-88680b0110fe/go.mod h1:mVJUmd6rZwkog+ypf/qa7P0UbljxbmnzGwCMLvzNhKo=
github.com/SAMT-BU/samt-bu-org-sikt v0.0.0-20260223231343-aee33f1070e1 h1:O2+YJR1LR6rNxqTr+nl5G8rGoJ6/ac8bgA42eSSfpxc=
github.com/SAMT-BU/samt-bu-org-sikt v0.0.0-20260223231343-aee33f1070e1/go.mod h1:Ah2A1hfDCyEopV+mbDVUS4OLnyDxcXfcayT8loxpJ1o=
github.com/SAMT-BU/samt-bu-org-ssb v0.0.0-20260223231349-77d82882569e h1:rMZefUzxyM+HR6XnhMq257uEkfVbLh4ROKWyJswnqZE=
github.com/SAMT-BU/samt-bu-org-ssb v0.0.0-20260223231349-77d82882569e/go.mod h1:h63Sp3Wjm62nPEG0doNLocW9dEhi3pDfVYRVjQwZhxw=
github.com/SAMT-BU/samt-bu-org-staf v0.0.0-20260223231346-9adece8f8f45 h1:4h7UqiB+oaKNW1r7NlHgstf+AiJJ5uvLTs3731DKGGU=
github.com/SAMT-BU/samt-bu-org-staf v0.0.0-20260223231346-9adece8f8f45/go.mod h1:koYXmzeODMhF+ISgVkkvaSth1ZDXpw6E2OmU9KkI7eI=
github.com/SAMT-BU/samt-bu-org-udir v0.0.0-20260223231341-0ba46421f56a h1:RRXeHbR06+yEfxi83+K5CkqNv7r3wZ8/JbZvuUgjlhs=
github.com/SAMT-BU/samt-bu-org-udir v0.0.0-20260223231341-0ba46421f56a/go.mod h1:8FRy0PZa5bssylwZTmk8FRz2ShPu1jhN0zHZHKD9zA8=
github.com/SAMT-BU/team-architecture v0.0.0-20260301130129-a58641907e16 h1:y79aaB54ZE4dDs8j2YC523ZKb9aVwybQI9sCK/R1Dgg=
github.com/SAMT-BU/team-architecture v0.0.0-20260301130129-a58641907e16/go.mod h1:oGjEparc9MJ4YemqqXVomLf005fiUA/GYilUgqhv2IQ=
github.com/SAMT-BU/team-architecture v0.0.0-20260302152936-16d2998110cc h1:70uE8ay4XSPh/rjFhKvcA3QQZGVTp+Z3WvnrXwOrqNA=
github.com/SAMT-BU/team-architecture v0.0.0-20260302152936-16d2998110cc/go.mod h1:oGjEparc9MJ4YemqqXVomLf005fiUA/GYilUgqhv2IQ=
github.com/SAMT-BU/team-architecture v0.0.0-20260302160135-e7ed5c5be069 h1:MeXaTS+oWnyrJlRfGCg2etBPY88w2OIsFenH+Jxz1Bw=
github.com/SAMT-BU/team-architecture v0.0.0-20260302160135-e7ed5c5be069/go.mod h1:oGjEparc9MJ4YemqqXVomLf005fiUA/GYilUgqhv2IQ=
github.com/SAMT-BU/team-governance v0.0.0-20260302204854-ae4a2504e314 h1:W/wZPxdZUPZhE14OVfRDwtOAcq8dLi2Gua49yFR66x4=
github.com/SAMT-BU/team-governance v0.0.0-20260302204854-ae4a2504e314/go.mod h1:2hVuqr1lATcRnxezcFTEpBGuelnDEan85ZMLJSvqft4=
